
Microsoft Visual Studio Solution File, Format Version 12.00
# Visual Studio Version 16
VisualStudioVersion = 16.0.30804.86
MinimumVisualStudioVersion = 10.0.40219.1
Project("{FAE04EC0-301F-11D3-BF4B-00C04F79EFBC}") = "Blazor.CSS", "Blazor.CSS.csproj", "{AF602BEA-753F-4019-9F29-640423C531FE}"
EndProject
Global
	GlobalSection(SolutionConfigurationPlatforms) = preSolution
		Debug|Any CPU = Debug|Any CPU
		Release|Any CPU = Release|Any CPU
	EndGlobalSection
	GlobalSection(ProjectConfigurationPlatforms) = postSolution
		{AF602BEA-753F-4019-9F29-640423C531FE}.Debug|Any CPU.ActiveCfg = Debug|Any CPU
		{AF602BEA-753F-4019-9F29-640423C531FE}.Debug|Any CPU.Build.0 = Debug|Any CPU
		{AF602BEA-753F-4019-9F29-640423C531FE}.Release|Any CPU.ActiveCfg = Release|Any CPU
		{AF602BEA-753F-4019-9F29-640423C531FE}.Release|Any CPU.Build.0 = Release|Any CPU
	EndGlobalSection
	GlobalSection(SolutionProperties) = preSolution
		HideSolutionNode = FALSE
	EndGlobalSection
	GlobalSection(ExtensibilityGlobals) = postSolution
		SolutionGuid = {1F0F8F43-AD8D-41BE-A784-8520B54A1C2A}
	EndGlobalSection
EndGlobal
